
Microsoft Visual Studio Solution File, Format Version 12.00
# Visual Studio Version 17
VisualStudioVersion = 17.3.32922.545
MinimumVisualStudioVersion = 10.0.40219.1
Project("{9A19103F-16F7-4668-BE54-9A1E7A4F7556}") = "CSC160", "CSC160.csproj", "{74094622-8F71-42AF-86F4-4311312A3E76}"
EndProject
Project("{9A19103F-16F7-4668-BE54-9A1E7A4F7556}") = "TicTacToe1", "..\..\..\Documents\School\2-Quarter-1\Application Development\TicTacToe1\TicTacToe1.csproj", "{38F0F6FC-917C-49FE-98D9-5102A6AA6BD8}"
EndProject
Project("{FAE04EC0-301F-11D3-BF4B-00C04F79EFBC}") = "Console_Library", "..\Console_Library\Console_Library.csproj", "{4416A872-B4EC-49FC-94DD-8995CA0D9DCB}"
EndProject
Global
	GlobalSection(SolutionConfigurationPlatforms) = preSolution
		Debug|Any CPU = Debug|Any CPU
		Release|Any CPU = Release|Any CPU
	EndGlobalSection
	GlobalSection(ProjectConfigurationPlatforms) = postSolution
		{74094622-8F71-42AF-86F4-4311312A3E76}.Debug|Any CPU.ActiveCfg = Debug|Any CPU
		{74094622-8F71-42AF-86F4-4311312A3E76}.Debug|Any CPU.Build.0 = Debug|Any CPU
		{74094622-8F71-42AF-86F4-4311312A3E76}.Release|Any CPU.ActiveCfg = Release|Any CPU
		{74094622-8F71-42AF-86F4-4311312A3E76}.Release|Any CPU.Build.0 = Release|Any CPU
		{38F0F6FC-917C-49FE-98D9-5102A6AA6BD8}.Debug|Any CPU.ActiveCfg = Debug|Any CPU
		{38F0F6FC-917C-49FE-98D9-5102A6AA6BD8}.Debug|Any CPU.Build.0 = Debug|Any CPU
		{38F0F6FC-917C-49FE-98D9-5102A6AA6BD8}.Release|Any CPU.ActiveCfg = Release|Any CPU
		{38F0F6FC-917C-49FE-98D9-5102A6AA6BD8}.Release|Any CPU.Build.0 = Release|Any CPU
		{4416A872-B4EC-49FC-94DD-8995CA0D9DCB}.Debug|Any CPU.ActiveCfg = Debug|Any CPU
		{4416A872-B4EC-49FC-94DD-8995CA0D9DCB}.Debug|Any CPU.Build.0 = Debug|Any CPU
		{4416A872-B4EC-49FC-94DD-8995CA0D9DCB}.Release|Any CPU.ActiveCfg = Release|Any CPU
		{4416A872-B4EC-49FC-94DD-8995CA0D9DCB}.Release|Any CPU.Build.0 = Release|Any CPU
	EndGlobalSection
	GlobalSection(SolutionProperties) = preSolution
		HideSolutionNode = FALSE
	EndGlobalSection
	GlobalSection(ExtensibilityGlobals) = postSolution
		SolutionGuid = {A8D4BD0A-85C2-4AB8-8893-E6629CFC8831}
	EndGlobalSection
EndGlobal
